
Microsoft Visual Studio Solution File, Format Version 12.00
# Visual Studio Version 17
VisualStudioVersion = 17.9.34607.119
MinimumVisualStudioVersion = 10.0.40219.1
Project("{9A19103F-16F7-4668-BE54-9A1E7A4F7556}") = "CorrelationTracking", "CorrelationTracking.csproj", "{0A654492-0C76-4618-9D60-060C1C8CA6A3}"
EndProject
Project("{2150E333-8FDC-42A3-9474-1A3956D46DE8}") = "Solution Items", "Solution Items", "{EB50E248-E36F-4D70-9CD3-1E5D16FB81F2}"
	ProjectSection(SolutionItems) = preProject
		..\readme.md = ..\readme.md
	EndProjectSection
EndProject
Global
	GlobalSection(SolutionConfigurationPlatforms) = preSolution
		Debug|Any CPU = Debug|Any CPU
		Release|Any CPU = Release|Any CPU
	EndGlobalSection
	GlobalSection(ProjectConfigurationPlatforms) = postSolution
		{0A654492-0C76-4618-9D60-060C1C8CA6A3}.Debug|Any CPU.ActiveCfg = Debug|Any CPU
		{0A654492-0C76-4618-9D60-060C1C8CA6A3}.Debug|Any CPU.Build.0 = Debug|Any CPU
		{0A654492-0C76-4618-9D60-060C1C8CA6A3}.Release|Any CPU.ActiveCfg = Release|Any CPU
		{0A654492-0C76-4618-9D60-060C1C8CA6A3}.Release|Any CPU.Build.0 = Release|Any CPU
	EndGlobalSection
	GlobalSection(SolutionProperties) = preSolution
		HideSolutionNode = FALSE
	EndGlobalSection
	GlobalSection(ExtensibilityGlobals) = postSolution
		SolutionGuid = {F0746397-F63B-4B4A-8F7F-04C00C60AC9A}
	EndGlobalSection
EndGlobal
